Microsoft Visual Studio Solution File, Format Version 11.00
# Visual Studio 2008

Project("{DDC517AA-D64D-FA5B-B2D5-E6DC033A64D6}") = "hive5_unity_sdk", "Assembly-CSharp-vs.csproj", "{EC0BB6BA-4843-1BA9-2F27-ED8B6C27FBDA}"
EndProject
Project("{DDC517AA-D64D-FA5B-B2D5-E6DC033A64D6}") = "hive5_unity_sdk", "Assembly-CSharp-Editor-vs.csproj", "{7CE83F7F-B08B-26B1-819C-CDB8D20C8A7D}"
EndProject
Global
	GlobalSection(SolutionConfigurationPlatforms) = preSolution
		Debug|Any CPU = Debug|Any CPU
		Release|Any CPU = Release|Any CPU
	EndGlobalSection
	GlobalSection(ProjectConfigurationPlatforms) = postSolution
		{EC0BB6BA-4843-1BA9-2F27-ED8B6C27FBDA}.Debug|Any CPU.ActiveCfg = Debug|Any CPU
		{EC0BB6BA-4843-1BA9-2F27-ED8B6C27FBDA}.Debug|Any CPU.Build.0 = Debug|Any CPU
		{EC0BB6BA-4843-1BA9-2F27-ED8B6C27FBDA}.Release|Any CPU.ActiveCfg = Release|Any CPU
		{EC0BB6BA-4843-1BA9-2F27-ED8B6C27FBDA}.Release|Any CPU.Build.0 = Release|Any CPU
		{7CE83F7F-B08B-26B1-819C-CDB8D20C8A7D}.Debug|Any CPU.ActiveCfg = Debug|Any CPU
		{7CE83F7F-B08B-26B1-819C-CDB8D20C8A7D}.Debug|Any CPU.Build.0 = Debug|Any CPU
		{7CE83F7F-B08B-26B1-819C-CDB8D20C8A7D}.Release|Any CPU.ActiveCfg = Release|Any CPU
		{7CE83F7F-B08B-26B1-819C-CDB8D20C8A7D}.Release|Any CPU.Build.0 = Release|Any CPU
	EndGlobalSection
	GlobalSection(SolutionProperties) = preSolution
		HideSolutionNode = FALSE
	EndGlobalSection
										GlobalSection(MonoDevelopProperties) = preSolution
		StartupItem = Assembly-CSharp.csproj
		Policies = $0
		$0.TextStylePolicy = $1
		$1.inheritsSet = null
		$1.scope = text/x-csharp
		$0.CSharpFormattingPolicy = $2
		$2.inheritsSet = Mono
		$2.inheritsScope = text/x-csharp
		$2.scope = text/x-csharp
		$0.TextStylePolicy = $3
		$3.FileWidth = 120
		$3.TabWidth = 4
		$3.EolMarker = Unix
		$3.inheritsSet = Mono
		$3.inheritsScope = text/plain
		$3.scope = text/plain
	EndGlobalSection

EndGlobal
