Microsoft Visual Studio Solution File, Format Version 11.00
# Visual Studio 2008

Project("{BF45A30E-55D7-323D-59CB-1E344D6C5040}") = "unity_hive5", "Assembly-CSharp-firstpass.csproj", "{218DF32F-1C36-804D-CCB3-783E034E1886}"
EndProject
Project("{BF45A30E-55D7-323D-59CB-1E344D6C5040}") = "unity_hive5", "Assembly-CSharp.csproj", "{E671CB67-813B-5057-70E3-12C73CF23A2B}"
EndProject
Project("{BF45A30E-55D7-323D-59CB-1E344D6C5040}") = "unity_hive5", "Assembly-UnityScript-firstpass.unityproj", "{DA287CEB-ED11-E7D8-964A-5CF508399149}"
EndProject
Global
	GlobalSection(SolutionConfigurationPlatforms) = preSolution
		Debug|Any CPU = Debug|Any CPU
		Release|Any CPU = Release|Any CPU
	EndGlobalSection
	GlobalSection(ProjectConfigurationPlatforms) = postSolution
		{218DF32F-1C36-804D-CCB3-783E034E1886}.Debug|Any CPU.ActiveCfg = Debug|Any CPU
		{218DF32F-1C36-804D-CCB3-783E034E1886}.Debug|Any CPU.Build.0 = Debug|Any CPU
		{218DF32F-1C36-804D-CCB3-783E034E1886}.Release|Any CPU.ActiveCfg = Release|Any CPU
		{218DF32F-1C36-804D-CCB3-783E034E1886}.Release|Any CPU.Build.0 = Release|Any CPU
		{E671CB67-813B-5057-70E3-12C73CF23A2B}.Debug|Any CPU.ActiveCfg = Debug|Any CPU
		{E671CB67-813B-5057-70E3-12C73CF23A2B}.Debug|Any CPU.Build.0 = Debug|Any CPU
		{E671CB67-813B-5057-70E3-12C73CF23A2B}.Release|Any CPU.ActiveCfg = Release|Any CPU
		{E671CB67-813B-5057-70E3-12C73CF23A2B}.Release|Any CPU.Build.0 = Release|Any CPU
		{DA287CEB-ED11-E7D8-964A-5CF508399149}.Debug|Any CPU.ActiveCfg = Debug|Any CPU
		{DA287CEB-ED11-E7D8-964A-5CF508399149}.Debug|Any CPU.Build.0 = Debug|Any CPU
		{DA287CEB-ED11-E7D8-964A-5CF508399149}.Release|Any CPU.ActiveCfg = Release|Any CPU
		{DA287CEB-ED11-E7D8-964A-5CF508399149}.Release|Any CPU.Build.0 = Release|Any CPU
	EndGlobalSection
	GlobalSection(SolutionProperties) = preSolution
		HideSolutionNode = FALSE
	EndGlobalSection
									GlobalSection(MonoDevelopProperties) = preSolution
		StartupItem = Assembly-CSharp.csproj
		Policies = $0
		$0.TextStylePolicy = $1
		$1.inheritsSet = null
		$1.scope = text/x-csharp
		$0.CSharpFormattingPolicy = $2
		$2.inheritsSet = Mono
		$2.inheritsScope = text/x-csharp
		$2.scope = text/x-csharp
		$0.TextStylePolicy = $3
		$3.FileWidth = 120
		$3.TabWidth = 4
		$3.EolMarker = Unix
		$3.inheritsSet = Mono
		$3.inheritsScope = text/plain
		$3.scope = text/plain
	EndGlobalSection

EndGlobal
